
Microsoft Visual Studio Solution File, Format Version 12.00
# Visual Studio 15
Project("{FAE04EC0-301F-11D3-BF4B-00C04F79EFBC}") = "Assembly-CSharp-Editor", "Assembly-CSharp-Editor.csproj", "{AE593813-A4C3-BC58-5450-D697B389ED7F}"
EndProject
Project("{FAE04EC0-301F-11D3-BF4B-00C04F79EFBC}") = "Assembly-CSharp", "Assembly-CSharp.csproj", "{C19A7D21-FA86-DEF9-DA30-D0F02A2D97AE}"
EndProject
Global
	GlobalSection(SolutionConfigurationPlatforms) = preSolution
		Debug|Any CPU = Debug|Any CPU
		Release|Any CPU = Release|Any CPU
	EndGlobalSection
	GlobalSection(ProjectConfigurationPlatforms) = postSolution
		{AE593813-A4C3-BC58-5450-D697B389ED7F}.Debug|Any CPU.ActiveCfg = Debug|Any CPU
		{AE593813-A4C3-BC58-5450-D697B389ED7F}.Debug|Any CPU.Build.0 = Debug|Any CPU
		{AE593813-A4C3-BC58-5450-D697B389ED7F}.Release|Any CPU.ActiveCfg = Release|Any CPU
		{AE593813-A4C3-BC58-5450-D697B389ED7F}.Release|Any CPU.Build.0 = Release|Any CPU
		{C19A7D21-FA86-DEF9-DA30-D0F02A2D97AE}.Debug|Any CPU.ActiveCfg = Debug|Any CPU
		{C19A7D21-FA86-DEF9-DA30-D0F02A2D97AE}.Debug|Any CPU.Build.0 = Debug|Any CPU
		{C19A7D21-FA86-DEF9-DA30-D0F02A2D97AE}.Release|Any CPU.ActiveCfg = Release|Any CPU
		{C19A7D21-FA86-DEF9-DA30-D0F02A2D97AE}.Release|Any CPU.Build.0 = Release|Any CPU
	EndGlobalSection
	GlobalSection(SolutionProperties) = preSolution
		HideSolutionNode = FALSE
	EndGlobalSection
EndGlobal
